
Microsoft Visual Studio Solution File, Format Version 12.00
# Visual Studio 14
VisualStudioVersion = 14.0.24720.0
MinimumVisualStudioVersion = 10.0.40219.1
Project("{FAE04EC0-301F-11D3-BF4B-00C04F79EFBC}") = "TestApp.Android", "TestApp.Android\TestApp.Android.csproj", "{3A15485A-D31F-453D-A639-AEAB92ACAB75}"
EndProject
Project("{FAE04EC0-301F-11D3-BF4B-00C04F79EFBC}") = "TestApp.Core", "TestApp.Core\TestApp.Core.csproj", "{CCE8D535-6836-4F22-AB6E-8B1FE11D9230}"
EndProject
Global
	GlobalSection(SolutionConfigurationPlatforms) = preSolution
		Debug|Any CPU = Debug|Any CPU
		Release|Any CPU = Release|Any CPU
	EndGlobalSection
	GlobalSection(ProjectConfigurationPlatforms) = postSolution
		{3A15485A-D31F-453D-A639-AEAB92ACAB75}.Debug|Any CPU.ActiveCfg = Debug|Any CPU
		{3A15485A-D31F-453D-A639-AEAB92ACAB75}.Debug|Any CPU.Build.0 = Debug|Any CPU
		{3A15485A-D31F-453D-A639-AEAB92ACAB75}.Debug|Any CPU.Deploy.0 = Debug|Any CPU
		{3A15485A-D31F-453D-A639-AEAB92ACAB75}.Release|Any CPU.ActiveCfg = Release|Any CPU
		{3A15485A-D31F-453D-A639-AEAB92ACAB75}.Release|Any CPU.Build.0 = Release|Any CPU
		{3A15485A-D31F-453D-A639-AEAB92ACAB75}.Release|Any CPU.Deploy.0 = Release|Any CPU
		{CCE8D535-6836-4F22-AB6E-8B1FE11D9230}.Debug|Any CPU.ActiveCfg = Debug|Any CPU
		{CCE8D535-6836-4F22-AB6E-8B1FE11D9230}.Debug|Any CPU.Build.0 = Debug|Any CPU
		{CCE8D535-6836-4F22-AB6E-8B1FE11D9230}.Release|Any CPU.ActiveCfg = Release|Any CPU
		{CCE8D535-6836-4F22-AB6E-8B1FE11D9230}.Release|Any CPU.Build.0 = Release|Any CPU
	EndGlobalSection
	GlobalSection(SolutionProperties) = preSolution
		HideSolutionNode = FALSE
	EndGlobalSection
EndGlobal
